
Microsoft Visual Studio Solution File, Format Version 12.00
# Visual Studio 2013
VisualStudioVersion = 12.0.30324.0
MinimumVisualStudioVersion = 10.0.40219.1
Project("{FAE04EC0-301F-11D3-BF4B-00C04F79EFBC}") = "03-MaxAndMinNumber", "03-MaxAndMinNumber\03-MaxAndMinNumber.csproj", "{8489D678-80A8-40DC-8D46-9773AB2AF562}"
EndProject
Project("{FAE04EC0-301F-11D3-BF4B-00C04F79EFBC}") = "04-LexicographicallyOrder", "04-LexicographicallyOrder\04-LexicographicallyOrder.csproj", "{6F6A2041-60D6-43E9-92C3-DDA7F8831C8C}"
EndProject
Global
	GlobalSection(SolutionConfigurationPlatforms) = preSolution
		Debug|Any CPU = Debug|Any CPU
		Release|Any CPU = Release|Any CPU
	EndGlobalSection
	GlobalSection(ProjectConfigurationPlatforms) = postSolution
		{8489D678-80A8-40DC-8D46-9773AB2AF562}.Debug|Any CPU.ActiveCfg = Debug|Any CPU
		{8489D678-80A8-40DC-8D46-9773AB2AF562}.Debug|Any CPU.Build.0 = Debug|Any CPU
		{8489D678-80A8-40DC-8D46-9773AB2AF562}.Release|Any CPU.ActiveCfg = Release|Any CPU
		{8489D678-80A8-40DC-8D46-9773AB2AF562}.Release|Any CPU.Build.0 = Release|Any CPU
		{6F6A2041-60D6-43E9-92C3-DDA7F8831C8C}.Debug|Any CPU.ActiveCfg = Debug|Any CPU
		{6F6A2041-60D6-43E9-92C3-DDA7F8831C8C}.Debug|Any CPU.Build.0 = Debug|Any CPU
		{6F6A2041-60D6-43E9-92C3-DDA7F8831C8C}.Release|Any CPU.ActiveCfg = Release|Any CPU
		{6F6A2041-60D6-43E9-92C3-DDA7F8831C8C}.Release|Any CPU.Build.0 = Release|Any CPU
	EndGlobalSection
	GlobalSection(SolutionProperties) = preSolution
		HideSolutionNode = FALSE
	EndGlobalSection
EndGlobal
