
Microsoft Visual Studio Solution File, Format Version 12.00
# Visual Studio 2013
VisualStudioVersion = 12.0.30324.0
MinimumVisualStudioVersion = 10.0.40219.1
Project("{FAE04EC0-301F-11D3-BF4B-00C04F79EFBC}") = "01. JS Literals", "01. JS Literals\01. JS Literals.csproj", "{5F69321A-C385-4607-9540-1DFD1A11D59F}"
EndProject
Project("{FAE04EC0-301F-11D3-BF4B-00C04F79EFBC}") = "02. String Variable", "02. String Variable\02. String Variable.csproj", "{DAEC588F-FA52-4676-9826-935685699B9E}"
EndProject
Project("{FAE04EC0-301F-11D3-BF4B-00C04F79EFBC}") = "03. TypeOf Variables", "03. TypeOf Variables\03. TypeOf Variables.csproj", "{7BE02504-8B51-4119-BCCA-BDB038CBFA70}"
EndProject
Project("{FAE04EC0-301F-11D3-BF4B-00C04F79EFBC}") = "04. Null, Undefined", "04. Null, Undefined\04. Null, Undefined.csproj", "{AA80E7C1-749D-45F1-AFA3-5E193AF5C97D}"
EndProject
Global
	GlobalSection(SolutionConfigurationPlatforms) = preSolution
		Debug|Any CPU = Debug|Any CPU
		Release|Any CPU = Release|Any CPU
	EndGlobalSection
	GlobalSection(ProjectConfigurationPlatforms) = postSolution
		{5F69321A-C385-4607-9540-1DFD1A11D59F}.Debug|Any CPU.ActiveCfg = Debug|Any CPU
		{5F69321A-C385-4607-9540-1DFD1A11D59F}.Debug|Any CPU.Build.0 = Debug|Any CPU
		{5F69321A-C385-4607-9540-1DFD1A11D59F}.Release|Any CPU.ActiveCfg = Release|Any CPU
		{5F69321A-C385-4607-9540-1DFD1A11D59F}.Release|Any CPU.Build.0 = Release|Any CPU
		{DAEC588F-FA52-4676-9826-935685699B9E}.Debug|Any CPU.ActiveCfg = Debug|Any CPU
		{DAEC588F-FA52-4676-9826-935685699B9E}.Debug|Any CPU.Build.0 = Debug|Any CPU
		{DAEC588F-FA52-4676-9826-935685699B9E}.Release|Any CPU.ActiveCfg = Release|Any CPU
		{DAEC588F-FA52-4676-9826-935685699B9E}.Release|Any CPU.Build.0 = Release|Any CPU
		{7BE02504-8B51-4119-BCCA-BDB038CBFA70}.Debug|Any CPU.ActiveCfg = Debug|Any CPU
		{7BE02504-8B51-4119-BCCA-BDB038CBFA70}.Debug|Any CPU.Build.0 = Debug|Any CPU
		{7BE02504-8B51-4119-BCCA-BDB038CBFA70}.Release|Any CPU.ActiveCfg = Release|Any CPU
		{7BE02504-8B51-4119-BCCA-BDB038CBFA70}.Release|Any CPU.Build.0 = Release|Any CPU
		{AA80E7C1-749D-45F1-AFA3-5E193AF5C97D}.Debug|Any CPU.ActiveCfg = Debug|Any CPU
		{AA80E7C1-749D-45F1-AFA3-5E193AF5C97D}.Debug|Any CPU.Build.0 = Debug|Any CPU
		{AA80E7C1-749D-45F1-AFA3-5E193AF5C97D}.Release|Any CPU.ActiveCfg = Release|Any CPU
		{AA80E7C1-749D-45F1-AFA3-5E193AF5C97D}.Release|Any CPU.Build.0 = Release|Any CPU
	EndGlobalSection
	GlobalSection(SolutionProperties) = preSolution
		HideSolutionNode = FALSE
	EndGlobalSection
EndGlobal
